PODS:
  - Alamofire (4.5.1)
  - AlamofireRSSParser (2.1.0):
    - Alamofire

DEPENDENCIES:
  - AlamofireRSSParser (from `../`)

EXTERNAL SOURCES:
  AlamofireRSSParser:
    :path: ../

SPEC CHECKSUMS:
  Alamofire: 2d95912bf4c34f164fdfc335872e8c312acaea4a
  AlamofireRSSParser: 3937110b1684b122917a92c5fb2919060cfb26c5

PODFILE CHECKSUM: 8e3ab452e5aaf7214ce3f69fcb15b6ee70f12117

COCOAPODS: 1.3.1
