PODS:
  - Alamofire (4.0.0)
  - AlamofireRSSParser (2.0.0):
    - Alamofire

DEPENDENCIES:
  - AlamofireRSSParser (from `../`)

EXTERNAL SOURCES:
  AlamofireRSSParser:
    :path: ../

SPEC CHECKSUMS:
  Alamofire: fef59f00388f267e52d9b432aa5d93dc97190f14
  AlamofireRSSParser: bbad0689d597704025c4f101a1a31698fa2c1920

PODFILE CHECKSUM: 8e3ab452e5aaf7214ce3f69fcb15b6ee70f12117

COCOAPODS: 1.1.0.rc.2
